// !$*UTF8*$!
{
	archiveVersion = 1;
	classes = {
	};
	objectVersion = 56;
	objects = {

/* Begin PBXBuildFile section */
		A86905182A5E3CC500C0A7FE /* OverCoupleAppApp.swift in Sources */ = {isa = PBXBuildFile; fileRef = A86905172A5E3CC500C0A7FE /* OverCoupleAppApp.swift */; };
		A869051C2A5E3CC600C0A7FE /* Assets.xcassets in Resources */ = {isa = PBXBuildFile; fileRef = A869051B2A5E3CC600C0A7FE /* Assets.xcassets */; };
		A86905202A5E3CC600C0A7FE /* Preview Assets.xcassets in Resources */ = {isa = PBXBuildFile; fileRef = A869051F2A5E3CC600C0A7FE /* Preview Assets.xcassets */; };
		A86905312A5E45E500C0A7FE /* FeedView.swift in Sources */ = {isa = PBXBuildFile; fileRef = A86905302A5E45E500C0A7FE /* FeedView.swift */; };
		A86905352A5E46A800C0A7FE /* FeedRowView.swift in Sources */ = {isa = PBXBuildFile; fileRef = A86905342A5E46A800C0A7FE /* FeedRowView.swift */; };
/* End PBXBuildFile section */

/* Begin PBXFileReference section */
		A86905142A5E3CC500C0A7FE /* OverCoupleApp.app */ = {isa = PBXFileReference; explicitFileType = wrapper.application; includeInIndex = 0; path = OverCoupleApp.app; sourceTree = BUILT_PRODUCTS_DIR; };
		A86905172A5E3CC500C0A7FE /* OverCoupleAppApp.swift */ = {isa = PBXFileReference; lastKnownFileType = sourcecode.swift; path = OverCoupleAppApp.swift; sourceTree = "<group>"; };
		A869051B2A5E3CC600C0A7FE /* Assets.xcassets */ = {isa = PBXFileReference; lastKnownFileType = folder.assetcatalog; path = Assets.xcassets; sourceTree = "<group>"; };
		A869051D2A5E3CC600C0A7FE /* OverCoupleApp.entitlements */ = {isa = PBXFileReference; lastKnownFileType = text.plist.entitlements; path = OverCoupleApp.entitlements; sourceTree = "<group>"; };
		A869051F2A5E3CC600C0A7FE /* Preview Assets.xcassets */ = {isa = PBXFileReference; lastKnownFileType = folder.assetcatalog; path = "Preview Assets.xcassets"; sourceTree = "<group>"; };
		A86905302A5E45E500C0A7FE /* FeedView.swift */ = {isa = PBXFileReference; lastKnownFileType = sourcecode.swift; path = FeedView.swift; sourceTree = "<group>"; };
		A86905342A5E46A800C0A7FE /* FeedRowView.swift */ = {isa = PBXFileReference; lastKnownFileType = sourcecode.swift; path = FeedRowView.swift; sourceTree = "<group>"; };
/* End PBXFileReference section */

/* Begin PBXFrameworksBuildPhase section */
		A86905112A5E3CC500C0A7FE /* Frameworks */ = {
			isa = PBXFrameworksBuildPhase;
			buildActionMask = 2147483647;
			files = (
			);
			runOnlyForDeploymentPostprocessing = 0;
		};
/* End PBXFrameworksBuildPhase section */

/* Begin PBXGroup section */
		A869050B2A5E3CC500C0A7FE = {
			isa = PBXGroup;
			children = (
				A86905162A5E3CC500C0A7FE /* OverCoupleApp */,
				A86905152A5E3CC500C0A7FE /* Products */,
			);
			sourceTree = "<group>";
		};
		A86905152A5E3CC500C0A7FE /* Products */ = {
			isa = PBXGroup;
			children = (
				A86905142A5E3CC500C0A7FE /* OverCoupleApp.app */,
			);
			name = Products;
			sourceTree = "<group>";
		};
		A86905162A5E3CC500C0A7FE /* OverCoupleApp */ = {
			isa = PBXGroup;
			children = (
				A869052B2A5E44E800C0A7FE /* Extentions */,
				A869052A2A5E44DE00C0A7FE /* Services */,
				A86905272A5E3ED600C0A7FE /* Model */,
				A86905262A5E3ECD00C0A7FE /* Core */,
				A869051B2A5E3CC600C0A7FE /* Assets.xcassets */,
				A869051D2A5E3CC600C0A7FE /* OverCoupleApp.entitlements */,
				A869051E2A5E3CC600C0A7FE /* Preview Content */,
			);
			path = OverCoupleApp;
			sourceTree = "<group>";
		};
		A869051E2A5E3CC600C0A7FE /* Preview Content */ = {
			isa = PBXGroup;
			children = (
				A869051F2A5E3CC600C0A7FE /* Preview Assets.xcassets */,
			);
			path = "Preview Content";
			sourceTree = "<group>";
		};
		A86905262A5E3ECD00C0A7FE /* Core */ = {
			isa = PBXGroup;
			children = (
				A86905172A5E3CC500C0A7FE /* OverCoupleAppApp.swift */,
				A86905322A5E465E00C0A7FE /* Components */,
				A86905292A5E3F3200C0A7FE /* Feed */,
				A86905282A5E3F2C00C0A7FE /* Auth */,
			);
			path = Core;
			sourceTree = "<group>";
		};
		A86905272A5E3ED600C0A7FE /* Model */ = {
			isa = PBXGroup;
			children = (
			);
			path = Model;
			sourceTree = "<group>";
		};
		A86905282A5E3F2C00C0A7FE /* Auth */ = {
			isa = PBXGroup;
			children = (
				A869052F2A5E45D300C0A7FE /* ViewModel */,
				A869052E2A5E45CF00C0A7FE /* View */,
			);
			path = Auth;
			sourceTree = "<group>";
		};
		A86905292A5E3F3200C0A7FE /* Feed */ = {
			isa = PBXGroup;
			children = (
				A869052D2A5E45C600C0A7FE /* ViewModel */,
				A869052C2A5E45C200C0A7FE /* View */,
			);
			path = Feed;
			sourceTree = "<group>";
		};
		A869052A2A5E44DE00C0A7FE /* Services */ = {
			isa = PBXGroup;
			children = (
			);
			path = Services;
			sourceTree = "<group>";
		};
		A869052B2A5E44E800C0A7FE /* Extentions */ = {
			isa = PBXGroup;
			children = (
			);
			path = Extentions;
			sourceTree = "<group>";
		};
		A869052C2A5E45C200C0A7FE /* View */ = {
			isa = PBXGroup;
			children = (
				A86905302A5E45E500C0A7FE /* FeedView.swift */,
			);
			path = View;
			sourceTree = "<group>";
		};
		A869052D2A5E45C600C0A7FE /* ViewModel */ = {
			isa = PBXGroup;
			children = (
			);
			path = ViewModel;
			sourceTree = "<group>";
		};
		A869052E2A5E45CF00C0A7FE /* View */ = {
			isa = PBXGroup;
			children = (
			);
			path = View;
			sourceTree = "<group>";
		};
		A869052F2A5E45D300C0A7FE /* ViewModel */ = {
			isa = PBXGroup;
			children = (
			);
			path = ViewModel;
			sourceTree = "<group>";
		};
		A86905322A5E465E00C0A7FE /* Components */ = {
			isa = PBXGroup;
			children = (
				A86905342A5E46A800C0A7FE /* FeedRowView.swift */,
			);
			path = Components;
			sourceTree = "<group>";
		};
/* End PBXGroup section */

/* Begin PBXNativeTarget section */
		A86905132A5E3CC500C0A7FE /* OverCoupleApp */ = {
			isa = PBXNativeTarget;
			buildConfigurationList = A86905232A5E3CC600C0A7FE /* Build configuration list for PBXNativeTarget "OverCoupleApp" */;
			buildPhases = (
				A86905102A5E3CC500C0A7FE /* Sources */,
				A86905112A5E3CC500C0A7FE /* Frameworks */,
				A86905122A5E3CC500C0A7FE /* Resources */,
			);
			buildRules = (
			);
			dependencies = (
			);
			name = OverCoupleApp;
			productName = OverCoupleApp;
			productReference = A86905142A5E3CC500C0A7FE /* OverCoupleApp.app */;
			productType = "com.apple.product-type.application";
		};
/* End PBXNativeTarget section */

/* Begin PBXProject section */
		A869050C2A5E3CC500C0A7FE /* Project object */ = {
			isa = PBXProject;
			attributes = {
				BuildIndependentTargetsInParallel = 1;
				LastSwiftUpdateCheck = 1430;
				LastUpgradeCheck = 1430;
				TargetAttributes = {
					A86905132A5E3CC500C0A7FE = {
						CreatedOnToolsVersion = 14.3.1;
					};
				};
			};
			buildConfigurationList = A869050F2A5E3CC500C0A7FE /* Build configuration list for PBXProject "OverCoupleApp" */;
			compatibilityVersion = "Xcode 14.0";
			developmentRegion = en;
			hasScannedForEncodings = 0;
			knownRegions = (
				en,
				Base,
			);
			mainGroup = A869050B2A5E3CC500C0A7FE;
			productRefGroup = A86905152A5E3CC500C0A7FE /* Products */;
			projectDirPath = "";
			projectRoot = "";
			targets = (
				A86905132A5E3CC500C0A7FE /* OverCoupleApp */,
			);
		};
/* End PBXProject section */

/* Begin PBXResourcesBuildPhase section */
		A86905122A5E3CC500C0A7FE /* Resources */ = {
			isa = PBXResourcesBuildPhase;
			buildActionMask = 2147483647;
			files = (
				A86905202A5E3CC600C0A7FE /* Preview Assets.xcassets in Resources */,
				A869051C2A5E3CC600C0A7FE /* Assets.xcassets in Resources */,
			);
			runOnlyForDeploymentPostprocessing = 0;
		};
/* End PBXResourcesBuildPhase section */

/* Begin PBXSourcesBuildPhase section */
		A86905102A5E3CC500C0A7FE /* Sources */ = {
			isa = PBXSourcesBuildPhase;
			buildActionMask = 2147483647;
			files = (
				A86905312A5E45E500C0A7FE /* FeedView.swift in Sources */,
				A86905182A5E3CC500C0A7FE /* OverCoupleAppApp.swift in Sources */,
				A86905352A5E46A800C0A7FE /* FeedRowView.swift in Sources */,
			);
			runOnlyForDeploymentPostprocessing = 0;
		};
/* End PBXSourcesBuildPhase section */

/* Begin XCBuildConfiguration section */
		A86905212A5E3CC600C0A7FE /* Debug */ = {
			isa = XCBuildConfiguration;
			buildSettings = {
				ALWAYS_SEARCH_USER_PATHS = NO;
				CLANG_ANALYZER_NONNULL = YES;
				CLANG_ANALYZER_NUMBER_OBJECT_CONVERSION = YES_AGGRESSIVE;
				CLANG_CXX_LANGUAGE_STANDARD = "gnu++20";
				CLANG_ENABLE_MODULES = YES;
				CLANG_ENABLE_OBJC_ARC = YES;
				CLANG_ENABLE_OBJC_WEAK = YES;
				CLANG_WARN_BLOCK_CAPTURE_AUTORELEASING = YES;
				CLANG_WARN_BOOL_CONVERSION = YES;
				CLANG_WARN_COMMA = YES;
				CLANG_WARN_CONSTANT_CONVERSION = YES;
				CLANG_WARN_DEPRECATED_OBJC_IMPLEMENTATIONS = YES;
				CLANG_WARN_DIRECT_OBJC_ISA_USAGE = YES_ERROR;
				CLANG_WARN_DOCUMENTATION_COMMENTS = YES;
				CLANG_WARN_EMPTY_BODY = YES;
				CLANG_WARN_ENUM_CONVERSION = YES;
				CLANG_WARN_INFINITE_RECURSION = YES;
				CLANG_WARN_INT_CONVERSION = YES;
				CLANG_WARN_NON_LITERAL_NULL_CONVERSION = YES;
				CLANG_WARN_OBJC_IMPLICIT_RETAIN_SELF = YES;
				CLANG_WARN_OBJC_LITERAL_CONVERSION = YES;
				CLANG_WARN_OBJC_ROOT_CLASS = YES_ERROR;
				CLANG_WARN_QUOTED_INCLUDE_IN_FRAMEWORK_HEADER = YES;
				CLANG_WARN_RANGE_LOOP_ANALYSIS = YES;
				CLANG_WARN_STRICT_PROTOTYPES = YES;
				CLANG_WARN_SUSPICIOUS_MOVE = YES;
				CLANG_WARN_UNGUARDED_AVAILABILITY = YES_AGGRESSIVE;
				CLANG_WARN_UNREACHABLE_CODE = YES;
				CLANG_WARN__DUPLICATE_METHOD_MATCH = YES;
				COPY_PHASE_STRIP = NO;
				DEBUG_INFORMATION_FORMAT = dwarf;
				ENABLE_STRICT_OBJC_MSGSEND = YES;
				ENABLE_TESTABILITY = YES;
				GCC_C_LANGUAGE_STANDARD = gnu11;
				GCC_DYNAMIC_NO_PIC = NO;
				GCC_NO_COMMON_BLOCKS = YES;
				GCC_OPTIMIZATION_LEVEL = 0;
				GCC_PREPROCESSOR_DEFINITIONS = (
					"DEBUG=1",
					"$(inherited)",
				);
				GCC_WARN_64_TO_32_BIT_CONVERSION = YES;
				GCC_WARN_ABOUT_RETURN_TYPE = YES_ERROR;
				GCC_WARN_UNDECLARED_SELECTOR = YES;
				GCC_WARN_UNINITIALIZED_AUTOS = YES_AGGRESSIVE;
				GCC_WARN_UNUSED_FUNCTION = YES;
				GCC_WARN_UNUSED_VARIABLE = YES;
				MTL_ENABLE_DEBUG_INFO = INCLUDE_SOURCE;
				MTL_FAST_MATH = YES;
				ONLY_ACTIVE_ARCH = YES;
				SWIFT_ACTIVE_COMPILATION_CONDITIONS = DEBUG;
				SWIFT_OPTIMIZATION_LEVEL = "-Onone";
			};
			name = Debug;
		};
		A86905222A5E3CC600C0A7FE /* Release */ = {
			isa = XCBuildConfiguration;
			buildSettings = {
				ALWAYS_SEARCH_USER_PATHS = NO;
				CLANG_ANALYZER_NONNULL = YES;
				CLANG_ANALYZER_NUMBER_OBJECT_CONVERSION = YES_AGGRESSIVE;
				CLANG_CXX_LANGUAGE_STANDARD = "gnu++20";
				CLANG_ENABLE_MODULES = YES;
				CLANG_ENABLE_OBJC_ARC = YES;
				CLANG_ENABLE_OBJC_WEAK = YES;
				CLANG_WARN_BLOCK_CAPTURE_AUTORELEASING = YES;
				CLANG_WARN_BOOL_CONVERSION = YES;
				CLANG_WARN_COMMA = YES;
				CLANG_WARN_CONSTANT_CONVERSION = YES;
				CLANG_WARN_DEPRECATED_OBJC_IMPLEMENTATIONS = YES;
				CLANG_WARN_DIRECT_OBJC_ISA_USAGE = YES_ERROR;
				CLANG_WARN_DOCUMENTATION_COMMENTS = YES;
				CLANG_WARN_EMPTY_BODY = YES;
				CLANG_WARN_ENUM_CONVERSION = YES;
				CLANG_WARN_INFINITE_RECURSION = YES;
				CLANG_WARN_INT_CONVERSION = YES;
				CLANG_WARN_NON_LITERAL_NULL_CONVERSION = YES;
				CLANG_WARN_OBJC_IMPLICIT_RETAIN_SELF = YES;
				CLANG_WARN_OBJC_LITERAL_CONVERSION = YES;
				CLANG_WARN_OBJC_ROOT_CLASS = YES_ERROR;
				CLANG_WARN_QUOTED_INCLUDE_IN_FRAMEWORK_HEADER = YES;
				CLANG_WARN_RANGE_LOOP_ANALYSIS = YES;
				CLANG_WARN_STRICT_PROTOTYPES = YES;
				CLANG_WARN_SUSPICIOUS_MOVE = YES;
				CLANG_WARN_UNGUARDED_AVAILABILITY = YES_AGGRESSIVE;
				CLANG_WARN_UNREACHABLE_CODE = YES;
				CLANG_WARN__DUPLICATE_METHOD_MATCH = YES;
				COPY_PHASE_STRIP = NO;
				DEBUG_INFORMATION_FORMAT = "dwarf-with-dsym";
				ENABLE_NS_ASSERTIONS = NO;
				ENABLE_STRICT_OBJC_MSGSEND = YES;
				GCC_C_LANGUAGE_STANDARD = gnu11;
				GCC_NO_COMMON_BLOCKS = YES;
				GCC_WARN_64_TO_32_BIT_CONVERSION = YES;
				GCC_WARN_ABOUT_RETURN_TYPE = YES_ERROR;
				GCC_WARN_UNDECLARED_SELECTOR = YES;
				GCC_WARN_UNINITIALIZED_AUTOS = YES_AGGRESSIVE;
				GCC_WARN_UNUSED_FUNCTION = YES;
				GCC_WARN_UNUSED_VARIABLE = YES;
				MTL_ENABLE_DEBUG_INFO = NO;
				MTL_FAST_MATH = YES;
				SWIFT_COMPILATION_MODE = wholemodule;
				SWIFT_OPTIMIZATION_LEVEL = "-O";
			};
			name = Release;
		};
		A86905242A5E3CC600C0A7FE /* Debug */ = {
			isa = XCBuildConfiguration;
			buildSettings = {
				ASSETCATALOG_COMPILER_APPICON_NAME = AppIcon;
				ASSETCATALOG_COMPILER_GLOBAL_ACCENT_COLOR_NAME = AccentColor;
				CODE_SIGN_ENTITLEMENTS = OverCoupleApp/OverCoupleApp.entitlements;
				CODE_SIGN_STYLE = Automatic;
				CURRENT_PROJECT_VERSION = 1;
				DEVELOPMENT_ASSET_PATHS = "\"OverCoupleApp/Preview Content\"";
				DEVELOPMENT_TEAM = WQD7F9D6LV;
				ENABLE_HARDENED_RUNTIME = YES;
				ENABLE_PREVIEWS = YES;
				GENERATE_INFOPLIST_FILE = YES;
				"INFOPLIST_KEY_UIApplicationSceneManifest_Generation[sdk=iphoneos*]" = YES;
				"INFOPLIST_KEY_UIApplicationSceneManifest_Generation[sdk=iphonesimulator*]" = YES;
				"INFOPLIST_KEY_UIApplicationSupportsIndirectInputEvents[sdk=iphoneos*]" = YES;
				"INFOPLIST_KEY_UIApplicationSupportsIndirectInputEvents[sdk=iphonesimulator*]" = YES;
				"INFOPLIST_KEY_UILaunchScreen_Generation[sdk=iphoneos*]" = YES;
				"INFOPLIST_KEY_UILaunchScreen_Generation[sdk=iphonesimulator*]" = YES;
				"INFOPLIST_KEY_UIStatusBarStyle[sdk=iphoneos*]" = UIStatusBarStyleDefault;
				"INFOPLIST_KEY_UIStatusBarStyle[sdk=iphonesimulator*]" = UIStatusBarStyleDefault;
				INFOPLIST_KEY_UISupportedInterfaceOrientations_iPad = "UIInterfaceOrientationPortrait UIInterfaceOrientationPortraitUpsideDown UIInterfaceOrientationLandscapeLeft UIInterfaceOrientationLandscapeRight";
				INFOPLIST_KEY_UISupportedInterfaceOrientations_iPhone = "UIInterfaceOrientationPortrait UIInterfaceOrientationLandscapeLeft UIInterfaceOrientationLandscapeRight";
				IPHONEOS_DEPLOYMENT_TARGET = 16.4;
				LD_RUNPATH_SEARCH_PATHS = "@executable_path/Frameworks";
				"LD_RUNPATH_SEARCH_PATHS[sdk=macosx*]" = "@executable_path/../Frameworks";
				MACOSX_DEPLOYMENT_TARGET = 13.3;
				MARKETING_VERSION = 1.0;
				PRODUCT_BUNDLE_IDENTIFIER = com.overman.OverCoupleApp;
				PRODUCT_NAME = "$(TARGET_NAME)";
				SDKROOT = auto;
				SUPPORTED_PLATFORMS = "iphoneos iphonesimulator macosx";
				SWIFT_EMIT_LOC_STRINGS = YES;
				SWIFT_VERSION = 5.0;
				TARGETED_DEVICE_FAMILY = "1,2";
			};
			name = Debug;
		};
		A86905252A5E3CC600C0A7FE /* Release */ = {
			isa = XCBuildConfiguration;
			buildSettings = {
				ASSETCATALOG_COMPILER_APPICON_NAME = AppIcon;
				ASSETCATALOG_COMPILER_GLOBAL_ACCENT_COLOR_NAME = AccentColor;
				CODE_SIGN_ENTITLEMENTS = OverCoupleApp/OverCoupleApp.entitlements;
				CODE_SIGN_STYLE = Automatic;
				CURRENT_PROJECT_VERSION = 1;
				DEVELOPMENT_ASSET_PATHS = "\"OverCoupleApp/Preview Content\"";
				DEVELOPMENT_TEAM = WQD7F9D6LV;
				ENABLE_HARDENED_RUNTIME = YES;
				ENABLE_PREVIEWS = YES;
				GENERATE_INFOPLIST_FILE = YES;
				"INFOPLIST_KEY_UIApplicationSceneManifest_Generation[sdk=iphoneos*]" = YES;
				"INFOPLIST_KEY_UIApplicationSceneManifest_Generation[sdk=iphonesimulator*]" = YES;
				"INFOPLIST_KEY_UIApplicationSupportsIndirectInputEvents[sdk=iphoneos*]" = YES;
				"INFOPLIST_KEY_UIApplicationSupportsIndirectInputEvents[sdk=iphonesimulator*]" = YES;
				"INFOPLIST_KEY_UILaunchScreen_Generation[sdk=iphoneos*]" = YES;
				"INFOPLIST_KEY_UILaunchScreen_Generation[sdk=iphonesimulator*]" = YES;
				"INFOPLIST_KEY_UIStatusBarStyle[sdk=iphoneos*]" = UIStatusBarStyleDefault;
				"INFOPLIST_KEY_UIStatusBarStyle[sdk=iphonesimulator*]" = UIStatusBarStyleDefault;
				INFOPLIST_KEY_UISupportedInterfaceOrientations_iPad = "UIInterfaceOrientationPortrait UIInterfaceOrientationPortraitUpsideDown UIInterfaceOrientationLandscapeLeft UIInterfaceOrientationLandscapeRight";
				INFOPLIST_KEY_UISupportedInterfaceOrientations_iPhone = "UIInterfaceOrientationPortrait UIInterfaceOrientationLandscapeLeft UIInterfaceOrientationLandscapeRight";
				IPHONEOS_DEPLOYMENT_TARGET = 16.4;
				LD_RUNPATH_SEARCH_PATHS = "@executable_path/Frameworks";
				"LD_RUNPATH_SEARCH_PATHS[sdk=macosx*]" = "@executable_path/../Frameworks";
				MACOSX_DEPLOYMENT_TARGET = 13.3;
				MARKETING_VERSION = 1.0;
				PRODUCT_BUNDLE_IDENTIFIER = com.overman.OverCoupleApp;
				PRODUCT_NAME = "$(TARGET_NAME)";
				SDKROOT = auto;
				SUPPORTED_PLATFORMS = "iphoneos iphonesimulator macosx";
				SWIFT_EMIT_LOC_STRINGS = YES;
				SWIFT_VERSION = 5.0;
				TARGETED_DEVICE_FAMILY = "1,2";
			};
			name = Release;
		};
/* End XCBuildConfiguration section */

/* Begin XCConfigurationList section */
		A869050F2A5E3CC500C0A7FE /* Build configuration list for PBXProject "OverCoupleApp" */ = {
			isa = XCConfigurationList;
			buildConfigurations = (
				A86905212A5E3CC600C0A7FE /* Debug */,
				A86905222A5E3CC600C0A7FE /* Release */,
			);
			defaultConfigurationIsVisible = 0;
			defaultConfigurationName = Release;
		};
		A86905232A5E3CC600C0A7FE /* Build configuration list for PBXNativeTarget "OverCoupleApp" */ = {
			isa = XCConfigurationList;
			buildConfigurations = (
				A86905242A5E3CC600C0A7FE /* Debug */,
				A86905252A5E3CC600C0A7FE /* Release */,
			);
			defaultConfigurationIsVisible = 0;
			defaultConfigurationName = Release;
		};
/* End XCConfigurationList section */
	};
	rootObject = A869050C2A5E3CC500C0A7FE /* Project object */;
}
