// !$*UTF8*$!
{
	archiveVersion = 1;
	classes = {
	};
	objectVersion = 56;
	objects = {

/* Begin PBXBuildFile section */
		A86905182A5E3CC500C0A7FE /* OverCoupleAppApp.swift in Sources */ = {isa = PBXBuildFile; fileRef = A86905172A5E3CC500C0A7FE /* OverCoupleAppApp.swift */; };
		A869051C2A5E3CC600C0A7FE /* Assets.xcassets in Resources */ = {isa = PBXBuildFile; fileRef = A869051B2A5E3CC600C0A7FE /* Assets.xcassets */; };
		A86905202A5E3CC600C0A7FE /* Preview Assets.xcassets in Resources */ = {isa = PBXBuildFile; fileRef = A869051F2A5E3CC600C0A7FE /* Preview Assets.xcassets */; };
		A86905312A5E45E500C0A7FE /* FeedView.swift in Sources */ = {isa = PBXBuildFile; fileRef = A86905302A5E45E500C0A7FE /* FeedView.swift */; };
		A86905352A5E46A800C0A7FE /* FeedRowView.swift in Sources */ = {isa = PBXBuildFile; fileRef = A86905342A5E46A800C0A7FE /* FeedRowView.swift */; };
		A86905382A5E5A9D00C0A7FE /* MainTabView.swift in Sources */ = {isa = PBXBuildFile; fileRef = A86905372A5E5A9D00C0A7FE /* MainTabView.swift */; };
		A869053C2A5E5C9000C0A7FE /* NotificationView.swift in Sources */ = {isa = PBXBuildFile; fileRef = A869053B2A5E5C9000C0A7FE /* NotificationView.swift */; };
		A86905422A5E5D2B00C0A7FE /* ExploreView.swift in Sources */ = {isa = PBXBuildFile; fileRef = A86905412A5E5D2B00C0A7FE /* ExploreView.swift */; };
		A86905442A5E5D4500C0A7FE /* ChatView.swift in Sources */ = {isa = PBXBuildFile; fileRef = A86905432A5E5D4500C0A7FE /* ChatView.swift */; };
		A86905462A5F870F00C0A7FE /* User.swift in Sources */ = {isa = PBXBuildFile; fileRef = A86905452A5F870F00C0A7FE /* User.swift */; };
		A86905482A5F886D00C0A7FE /* Post.swift in Sources */ = {isa = PBXBuildFile; fileRef = A86905472A5F886D00C0A7FE /* Post.swift */; };
		A8BCB9722A662814009C89D0 /* LoginViewModel.swift in Sources */ = {isa = PBXBuildFile; fileRef = A8BCB9712A662814009C89D0 /* LoginViewModel.swift */; };
		A8C221C42A5FD7C000C9D9BA /* ProfileView.swift in Sources */ = {isa = PBXBuildFile; fileRef = A8C221C32A5FD7C000C9D9BA /* ProfileView.swift */; };
		A8C221C62A5FE90400C9D9BA /* PostFilterViewModel.swift in Sources */ = {isa = PBXBuildFile; fileRef = A8C221C52A5FE90400C9D9BA /* PostFilterViewModel.swift */; };
		A8C221C92A60157800C9D9BA /* UserRowView.swift in Sources */ = {isa = PBXBuildFile; fileRef = A8C221C82A60157800C9D9BA /* UserRowView.swift */; };
		A8C221CF2A60245600C9D9BA /* SideMenuView.swift in Sources */ = {isa = PBXBuildFile; fileRef = A8C221CE2A60245600C9D9BA /* SideMenuView.swift */; };
		A8C221D12A60249900C9D9BA /* SideMenuRowView.swift in Sources */ = {isa = PBXBuildFile; fileRef = A8C221D02A60249900C9D9BA /* SideMenuRowView.swift */; };
		A8C221D32A6024BC00C9D9BA /* SideMenuViewModel.swift in Sources */ = {isa = PBXBuildFile; fileRef = A8C221D22A6024BC00C9D9BA /* SideMenuViewModel.swift */; };
		A8C221D52A61391B00C9D9BA /* SideMenuItemRowView.swift in Sources */ = {isa = PBXBuildFile; fileRef = A8C221D42A61391A00C9D9BA /* SideMenuItemRowView.swift */; };
		A8DD1B3D2A77789B005C616C /* FeedInfoView.swift in Sources */ = {isa = PBXBuildFile; fileRef = A8DD1B3C2A77789B005C616C /* FeedInfoView.swift */; };
		A8DD1B3F2A77CAEA005C616C /* ProfileFilterRowView.swift in Sources */ = {isa = PBXBuildFile; fileRef = A8DD1B3E2A77CAEA005C616C /* ProfileFilterRowView.swift */; };
		A8ED23592A6404DC00F15D2D /* UploadPostView.swift in Sources */ = {isa = PBXBuildFile; fileRef = A8ED23582A6404DC00F15D2D /* UploadPostView.swift */; };
		A8ED235B2A64D52D00F15D2D /* LoginView.swift in Sources */ = {isa = PBXBuildFile; fileRef = A8ED235A2A64D52C00F15D2D /* LoginView.swift */; };
		A8ED235D2A66161000F15D2D /* GoogleService-Info.plist in Resources */ = {isa = PBXBuildFile; fileRef = A8ED235C2A66160F00F15D2D /* GoogleService-Info.plist */; };
		A8ED23602A6616B100F15D2D /* FirebaseAnalytics in Frameworks */ = {isa = PBXBuildFile; productRef = A8ED235F2A6616B100F15D2D /* FirebaseAnalytics */; };
		A8ED23622A6616B100F15D2D /* FirebaseAuth in Frameworks */ = {isa = PBXBuildFile; productRef = A8ED23612A6616B100F15D2D /* FirebaseAuth */; };
		A8ED23652A66180100F15D2D /* AppDelegate.swift in Sources */ = {isa = PBXBuildFile; fileRef = A8ED23642A66180100F15D2D /* AppDelegate.swift */; };
		A8ED23682A66192A00F15D2D /* GoogleSignIn in Frameworks */ = {isa = PBXBuildFile; productRef = A8ED23672A66192A00F15D2D /* GoogleSignIn */; };
		A8ED236A2A66192A00F15D2D /* GoogleSignInSwift in Frameworks */ = {isa = PBXBuildFile; productRef = A8ED23692A66192A00F15D2D /* GoogleSignInSwift */; };
		A8F77D112A67672A00CF31DD /* Application.swift in Sources */ = {isa = PBXBuildFile; fileRef = A8F77D102A67672A00CF31DD /* Application.swift */; };
		A8F77D162A680F1300CF31DD /* ContentView.swift in Sources */ = {isa = PBXBuildFile; fileRef = A8F77D152A680F1300CF31DD /* ContentView.swift */; };
		A8F77D182A691B9200CF31DD /* CurrentUserView.swift in Sources */ = {isa = PBXBuildFile; fileRef = A8F77D172A691B9200CF31DD /* CurrentUserView.swift */; };
		A8F77D1D2A6A7D6B00CF31DD /* ContentViewModel.swift in Sources */ = {isa = PBXBuildFile; fileRef = A8F77D1C2A6A7D6B00CF31DD /* ContentViewModel.swift */; };
		A8F77D1F2A6A841400CF31DD /* UserService.swift in Sources */ = {isa = PBXBuildFile; fileRef = A8F77D1E2A6A841400CF31DD /* UserService.swift */; };
		A8F77D212A6B6D1100CF31DD /* UploadPostViewModel.swift in Sources */ = {isa = PBXBuildFile; fileRef = A8F77D202A6B6D1100CF31DD /* UploadPostViewModel.swift */; };
		A8F77D242A6E6D4500CF31DD /* FirebaseFirestore in Frameworks */ = {isa = PBXBuildFile; productRef = A8F77D232A6E6D4500CF31DD /* FirebaseFirestore */; };
		A8F77D262A6E6D4F00CF31DD /* FirebaseFirestoreSwift in Frameworks */ = {isa = PBXBuildFile; productRef = A8F77D252A6E6D4F00CF31DD /* FirebaseFirestoreSwift */; };
		A8F77D282A6E6D5C00CF31DD /* FirebaseStorage in Frameworks */ = {isa = PBXBuildFile; productRef = A8F77D272A6E6D5C00CF31DD /* FirebaseStorage */; };
		A8F77D2A2A6F484C00CF31DD /* ExplporeViewModel.swift in Sources */ = {isa = PBXBuildFile; fileRef = A8F77D292A6F484C00CF31DD /* ExplporeViewModel.swift */; };
		A8F77D2C2A6F6ABC00CF31DD /* EditProfileView.swift in Sources */ = {isa = PBXBuildFile; fileRef = A8F77D2B2A6F6ABC00CF31DD /* EditProfileView.swift */; };
		A8F77D2E2A6F751F00CF31DD /* EditProfileViewModel.swift in Sources */ = {isa = PBXBuildFile; fileRef = A8F77D2D2A6F751F00CF31DD /* EditProfileViewModel.swift */; };
		A8F77D302A6FBDEA00CF31DD /* ImageUploader.swift in Sources */ = {isa = PBXBuildFile; fileRef = A8F77D2F2A6FBDEA00CF31DD /* ImageUploader.swift */; };
		A8F77D332A71069B00CF31DD /* Kingfisher in Frameworks */ = {isa = PBXBuildFile; productRef = A8F77D322A71069B00CF31DD /* Kingfisher */; };
		A8F77D352A7107F100CF31DD /* CircularProfileImageView.swift in Sources */ = {isa = PBXBuildFile; fileRef = A8F77D342A7107F100CF31DD /* CircularProfileImageView.swift */; };
		A8F77D3B2A73750400CF31DD /* FeedViewModel.swift in Sources */ = {isa = PBXBuildFile; fileRef = A8F77D3A2A73750400CF31DD /* FeedViewModel.swift */; };
		A8F77D3D2A73D88600CF31DD /* PostService.swift in Sources */ = {isa = PBXBuildFile; fileRef = A8F77D3C2A73D88600CF31DD /* PostService.swift */; };
		A8F77D3F2A73E19800CF31DD /* ProfileFilterViewModel.swift in Sources */ = {isa = PBXBuildFile; fileRef = A8F77D3E2A73E19800CF31DD /* ProfileFilterViewModel.swift */; };
		A8F77D412A76383600CF31DD /* CoupleService.swift in Sources */ = {isa = PBXBuildFile; fileRef = A8F77D402A76383600CF31DD /* CoupleService.swift */; };
/* End PBXBuildFile section */

/* Begin PBXFileReference section */
		A86905142A5E3CC500C0A7FE /* OverCoupleApp.app */ = {isa = PBXFileReference; explicitFileType = wrapper.application; includeInIndex = 0; path = OverCoupleApp.app; sourceTree = BUILT_PRODUCTS_DIR; };
		A86905172A5E3CC500C0A7FE /* OverCoupleAppApp.swift */ = {isa = PBXFileReference; lastKnownFileType = sourcecode.swift; path = OverCoupleAppApp.swift; sourceTree = "<group>"; };
		A869051B2A5E3CC600C0A7FE /* Assets.xcassets */ = {isa = PBXFileReference; lastKnownFileType = folder.assetcatalog; path = Assets.xcassets; sourceTree = "<group>"; };
		A869051D2A5E3CC600C0A7FE /* OverCoupleApp.entitlements */ = {isa = PBXFileReference; lastKnownFileType = text.plist.entitlements; path = OverCoupleApp.entitlements; sourceTree = "<group>"; };
		A869051F2A5E3CC600C0A7FE /* Preview Assets.xcassets */ = {isa = PBXFileReference; lastKnownFileType = folder.assetcatalog; path = "Preview Assets.xcassets"; sourceTree = "<group>"; };
		A86905302A5E45E500C0A7FE /* FeedView.swift */ = {isa = PBXFileReference; lastKnownFileType = sourcecode.swift; path = FeedView.swift; sourceTree = "<group>"; };
		A86905342A5E46A800C0A7FE /* FeedRowView.swift */ = {isa = PBXFileReference; lastKnownFileType = sourcecode.swift; path = FeedRowView.swift; sourceTree = "<group>"; };
		A86905372A5E5A9D00C0A7FE /* MainTabView.swift */ = {isa = PBXFileReference; lastKnownFileType = sourcecode.swift; path = MainTabView.swift; sourceTree = "<group>"; };
		A869053B2A5E5C9000C0A7FE /* NotificationView.swift */ = {isa = PBXFileReference; lastKnownFileType = sourcecode.swift; path = NotificationView.swift; sourceTree = "<group>"; };
		A86905412A5E5D2B00C0A7FE /* ExploreView.swift */ = {isa = PBXFileReference; lastKnownFileType = sourcecode.swift; path = ExploreView.swift; sourceTree = "<group>"; };
		A86905432A5E5D4500C0A7FE /* ChatView.swift */ = {isa = PBXFileReference; lastKnownFileType = sourcecode.swift; path = ChatView.swift; sourceTree = "<group>"; };
		A86905452A5F870F00C0A7FE /* User.swift */ = {isa = PBXFileReference; lastKnownFileType = sourcecode.swift; path = User.swift; sourceTree = "<group>"; };
		A86905472A5F886D00C0A7FE /* Post.swift */ = {isa = PBXFileReference; lastKnownFileType = sourcecode.swift; path = Post.swift; sourceTree = "<group>"; };
		A8BCB9712A662814009C89D0 /* LoginViewModel.swift */ = {isa = PBXFileReference; lastKnownFileType = sourcecode.swift; path = LoginViewModel.swift; sourceTree = "<group>"; };
		A8C221C32A5FD7C000C9D9BA /* ProfileView.swift */ = {isa = PBXFileReference; lastKnownFileType = sourcecode.swift; path = ProfileView.swift; sourceTree = "<group>"; };
		A8C221C52A5FE90400C9D9BA /* PostFilterViewModel.swift */ = {isa = PBXFileReference; lastKnownFileType = sourcecode.swift; path = PostFilterViewModel.swift; sourceTree = "<group>"; };
		A8C221C82A60157800C9D9BA /* UserRowView.swift */ = {isa = PBXFileReference; lastKnownFileType = sourcecode.swift; path = UserRowView.swift; sourceTree = "<group>"; };
		A8C221CE2A60245600C9D9BA /* SideMenuView.swift */ = {isa = PBXFileReference; lastKnownFileType = sourcecode.swift; path = SideMenuView.swift; sourceTree = "<group>"; };
		A8C221D02A60249900C9D9BA /* SideMenuRowView.swift */ = {isa = PBXFileReference; lastKnownFileType = sourcecode.swift; path = SideMenuRowView.swift; sourceTree = "<group>"; };
		A8C221D22A6024BC00C9D9BA /* SideMenuViewModel.swift */ = {isa = PBXFileReference; lastKnownFileType = sourcecode.swift; path = SideMenuViewModel.swift; sourceTree = "<group>"; };
		A8C221D42A61391A00C9D9BA /* SideMenuItemRowView.swift */ = {isa = PBXFileReference; lastKnownFileType = sourcecode.swift; path = SideMenuItemRowView.swift; sourceTree = "<group>"; };
		A8DD1B3C2A77789B005C616C /* FeedInfoView.swift */ = {isa = PBXFileReference; lastKnownFileType = sourcecode.swift; path = FeedInfoView.swift; sourceTree = "<group>"; };
		A8DD1B3E2A77CAEA005C616C /* ProfileFilterRowView.swift */ = {isa = PBXFileReference; lastKnownFileType = sourcecode.swift; path = ProfileFilterRowView.swift; sourceTree = "<group>"; };
		A8ED23582A6404DC00F15D2D /* UploadPostView.swift */ = {isa = PBXFileReference; lastKnownFileType = sourcecode.swift; path = UploadPostView.swift; sourceTree = "<group>"; };
		A8ED235A2A64D52C00F15D2D /* LoginView.swift */ = {isa = PBXFileReference; lastKnownFileType = sourcecode.swift; path = LoginView.swift; sourceTree = "<group>"; };
		A8ED235C2A66160F00F15D2D /* GoogleService-Info.plist */ = {isa = PBXFileReference; fileEncoding = 4; lastKnownFileType = text.plist.xml; path = "GoogleService-Info.plist"; sourceTree = "<group>"; };
		A8ED23642A66180100F15D2D /* AppDelegate.swift */ = {isa = PBXFileReference; lastKnownFileType = sourcecode.swift; path = AppDelegate.swift; sourceTree = "<group>"; };
		A8ED236B2A661A6000F15D2D /* Info.plist */ = {isa = PBXFileReference; lastKnownFileType = text.plist; path = Info.plist; sourceTree = "<group>"; };
		A8F77D102A67672A00CF31DD /* Application.swift */ = {isa = PBXFileReference; lastKnownFileType = sourcecode.swift; path = Application.swift; sourceTree = "<group>"; };
		A8F77D152A680F1300CF31DD /* ContentView.swift */ = {isa = PBXFileReference; lastKnownFileType = sourcecode.swift; path = ContentView.swift; sourceTree = "<group>"; };
		A8F77D172A691B9200CF31DD /* CurrentUserView.swift */ = {isa = PBXFileReference; lastKnownFileType = sourcecode.swift; path = CurrentUserView.swift; sourceTree = "<group>"; };
		A8F77D1C2A6A7D6B00CF31DD /* ContentViewModel.swift */ = {isa = PBXFileReference; lastKnownFileType = sourcecode.swift; path = ContentViewModel.swift; sourceTree = "<group>"; };
		A8F77D1E2A6A841400CF31DD /* UserService.swift */ = {isa = PBXFileReference; lastKnownFileType = sourcecode.swift; path = UserService.swift; sourceTree = "<group>"; };
		A8F77D202A6B6D1100CF31DD /* UploadPostViewModel.swift */ = {isa = PBXFileReference; lastKnownFileType = sourcecode.swift; path = UploadPostViewModel.swift; sourceTree = "<group>"; };
		A8F77D292A6F484C00CF31DD /* ExplporeViewModel.swift */ = {isa = PBXFileReference; lastKnownFileType = sourcecode.swift; path = ExplporeViewModel.swift; sourceTree = "<group>"; };
		A8F77D2B2A6F6ABC00CF31DD /* EditProfileView.swift */ = {isa = PBXFileReference; lastKnownFileType = sourcecode.swift; path = EditProfileView.swift; sourceTree = "<group>"; };
		A8F77D2D2A6F751F00CF31DD /* EditProfileViewModel.swift */ = {isa = PBXFileReference; lastKnownFileType = sourcecode.swift; path = EditProfileViewModel.swift; sourceTree = "<group>"; };
		A8F77D2F2A6FBDEA00CF31DD /* ImageUploader.swift */ = {isa = PBXFileReference; lastKnownFileType = sourcecode.swift; path = ImageUploader.swift; sourceTree = "<group>"; };
		A8F77D342A7107F100CF31DD /* CircularProfileImageView.swift */ = {isa = PBXFileReference; lastKnownFileType = sourcecode.swift; path = CircularProfileImageView.swift; sourceTree = "<group>"; };
		A8F77D3A2A73750400CF31DD /* FeedViewModel.swift */ = {isa = PBXFileReference; lastKnownFileType = sourcecode.swift; path = FeedViewModel.swift; sourceTree = "<group>"; };
		A8F77D3C2A73D88600CF31DD /* PostService.swift */ = {isa = PBXFileReference; lastKnownFileType = sourcecode.swift; path = PostService.swift; sourceTree = "<group>"; };
		A8F77D3E2A73E19800CF31DD /* ProfileFilterViewModel.swift */ = {isa = PBXFileReference; lastKnownFileType = sourcecode.swift; path = ProfileFilterViewModel.swift; sourceTree = "<group>"; };
		A8F77D402A76383600CF31DD /* CoupleService.swift */ = {isa = PBXFileReference; lastKnownFileType = sourcecode.swift; path = CoupleService.swift; sourceTree = "<group>"; };
/* End PBXFileReference section */

/* Begin PBXFrameworksBuildPhase section */
		A86905112A5E3CC500C0A7FE /* Frameworks */ = {
			isa = PBXFrameworksBuildPhase;
			buildActionMask = 2147483647;
			files = (
				A8ED23602A6616B100F15D2D /* FirebaseAnalytics in Frameworks */,
				A8ED23622A6616B100F15D2D /* FirebaseAuth in Frameworks */,
				A8ED23682A66192A00F15D2D /* GoogleSignIn in Frameworks */,
				A8F77D242A6E6D4500CF31DD /* FirebaseFirestore in Frameworks */,
				A8F77D332A71069B00CF31DD /* Kingfisher in Frameworks */,
				A8F77D282A6E6D5C00CF31DD /* FirebaseStorage in Frameworks */,
				A8ED236A2A66192A00F15D2D /* GoogleSignInSwift in Frameworks */,
				A8F77D262A6E6D4F00CF31DD /* FirebaseFirestoreSwift in Frameworks */,
			);
			runOnlyForDeploymentPostprocessing = 0;
		};
/* End PBXFrameworksBuildPhase section */

/* Begin PBXGroup section */
		A869050B2A5E3CC500C0A7FE = {
			isa = PBXGroup;
			children = (
				A86905162A5E3CC500C0A7FE /* OverCoupleApp */,
				A86905152A5E3CC500C0A7FE /* Products */,
				A8F77D222A6E6D4500CF31DD /* Frameworks */,
			);
			sourceTree = "<group>";
		};
		A86905152A5E3CC500C0A7FE /* Products */ = {
			isa = PBXGroup;
			children = (
				A86905142A5E3CC500C0A7FE /* OverCoupleApp.app */,
			);
			name = Products;
			sourceTree = "<group>";
		};
		A86905162A5E3CC500C0A7FE /* OverCoupleApp */ = {
			isa = PBXGroup;
			children = (
				A8ED236B2A661A6000F15D2D /* Info.plist */,
				A8ED235C2A66160F00F15D2D /* GoogleService-Info.plist */,
				A869052A2A5E44DE00C0A7FE /* Services */,
				A8ED23632A6617E200F15D2D /* Helper */,
				A869052B2A5E44E800C0A7FE /* Extentions */,
				A86905272A5E3ED600C0A7FE /* Model */,
				A86905262A5E3ECD00C0A7FE /* Core */,
				A869051B2A5E3CC600C0A7FE /* Assets.xcassets */,
				A869051D2A5E3CC600C0A7FE /* OverCoupleApp.entitlements */,
				A86905172A5E3CC500C0A7FE /* OverCoupleAppApp.swift */,
				A869051E2A5E3CC600C0A7FE /* Preview Content */,
			);
			path = OverCoupleApp;
			sourceTree = "<group>";
		};
		A869051E2A5E3CC600C0A7FE /* Preview Content */ = {
			isa = PBXGroup;
			children = (
				A869051F2A5E3CC600C0A7FE /* Preview Assets.xcassets */,
			);
			path = "Preview Content";
			sourceTree = "<group>";
		};
		A86905262A5E3ECD00C0A7FE /* Core */ = {
			isa = PBXGroup;
			children = (
				A86905322A5E465E00C0A7FE /* Components */,
				A86905282A5E3F2C00C0A7FE /* Auth */,
				A86905362A5E5A6600C0A7FE /* MainTab */,
				A8C221CA2A60241E00C9D9BA /* SideMenu */,
				A86905292A5E3F3200C0A7FE /* Feed */,
				A86905392A5E5C5C00C0A7FE /* Notification */,
				A869053D2A5E5CD400C0A7FE /* Explore */,
				A869053F2A5E5D0900C0A7FE /* Chat */,
				A8C221C02A5FD79A00C9D9BA /* Profile */,
				A8ED23552A6404A600F15D2D /* UploadPost */,
				A8F77D192A6A7A4300CF31DD /* Root */,
			);
			path = Core;
			sourceTree = "<group>";
		};
		A86905272A5E3ED600C0A7FE /* Model */ = {
			isa = PBXGroup;
			children = (
				A86905452A5F870F00C0A7FE /* User.swift */,
				A86905472A5F886D00C0A7FE /* Post.swift */,
			);
			path = Model;
			sourceTree = "<group>";
		};
		A86905282A5E3F2C00C0A7FE /* Auth */ = {
			isa = PBXGroup;
			children = (
				A869052F2A5E45D300C0A7FE /* ViewModel */,
				A869052E2A5E45CF00C0A7FE /* View */,
			);
			path = Auth;
			sourceTree = "<group>";
		};
		A86905292A5E3F3200C0A7FE /* Feed */ = {
			isa = PBXGroup;
			children = (
				A869052D2A5E45C600C0A7FE /* ViewModel */,
				A869052C2A5E45C200C0A7FE /* View */,
			);
			path = Feed;
			sourceTree = "<group>";
		};
		A869052A2A5E44DE00C0A7FE /* Services */ = {
			isa = PBXGroup;
			children = (
				A8F77D1E2A6A841400CF31DD /* UserService.swift */,
				A8F77D3C2A73D88600CF31DD /* PostService.swift */,
				A8F77D402A76383600CF31DD /* CoupleService.swift */,
				A8F77D2F2A6FBDEA00CF31DD /* ImageUploader.swift */,
			);
			path = Services;
			sourceTree = "<group>";
		};
		A869052B2A5E44E800C0A7FE /* Extentions */ = {
			isa = PBXGroup;
			children = (
			);
			path = Extentions;
			sourceTree = "<group>";
		};
		A869052C2A5E45C200C0A7FE /* View */ = {
			isa = PBXGroup;
			children = (
				A86905302A5E45E500C0A7FE /* FeedView.swift */,
				A8DD1B3C2A77789B005C616C /* FeedInfoView.swift */,
			);
			path = View;
			sourceTree = "<group>";
		};
		A869052D2A5E45C600C0A7FE /* ViewModel */ = {
			isa = PBXGroup;
			children = (
				A8F77D3A2A73750400CF31DD /* FeedViewModel.swift */,
			);
			path = ViewModel;
			sourceTree = "<group>";
		};
		A869052E2A5E45CF00C0A7FE /* View */ = {
			isa = PBXGroup;
			children = (
				A8ED235A2A64D52C00F15D2D /* LoginView.swift */,
			);
			path = View;
			sourceTree = "<group>";
		};
		A869052F2A5E45D300C0A7FE /* ViewModel */ = {
			isa = PBXGroup;
			children = (
				A8BCB9712A662814009C89D0 /* LoginViewModel.swift */,
			);
			path = ViewModel;
			sourceTree = "<group>";
		};
		A86905322A5E465E00C0A7FE /* Components */ = {
			isa = PBXGroup;
			children = (
				A86905342A5E46A800C0A7FE /* FeedRowView.swift */,
				A8C221C82A60157800C9D9BA /* UserRowView.swift */,
				A8F77D342A7107F100CF31DD /* CircularProfileImageView.swift */,
				A8DD1B3E2A77CAEA005C616C /* ProfileFilterRowView.swift */,
			);
			path = Components;
			sourceTree = "<group>";
		};
		A86905362A5E5A6600C0A7FE /* MainTab */ = {
			isa = PBXGroup;
			children = (
				A86905372A5E5A9D00C0A7FE /* MainTabView.swift */,
			);
			path = MainTab;
			sourceTree = "<group>";
		};
		A86905392A5E5C5C00C0A7FE /* Notification */ = {
			isa = PBXGroup;
			children = (
				A869053A2A5E5C7300C0A7FE /* View */,
			);
			path = Notification;
			sourceTree = "<group>";
		};
		A869053A2A5E5C7300C0A7FE /* View */ = {
			isa = PBXGroup;
			children = (
				A869053B2A5E5C9000C0A7FE /* NotificationView.swift */,
			);
			path = View;
			sourceTree = "<group>";
		};
		A869053D2A5E5CD400C0A7FE /* Explore */ = {
			isa = PBXGroup;
			children = (
				A8C221C72A60155600C9D9BA /* ViewModel */,
				A869053E2A5E5CE800C0A7FE /* View */,
			);
			path = Explore;
			sourceTree = "<group>";
		};
		A869053E2A5E5CE800C0A7FE /* View */ = {
			isa = PBXGroup;
			children = (
				A86905412A5E5D2B00C0A7FE /* ExploreView.swift */,
			);
			path = View;
			sourceTree = "<group>";
		};
		A869053F2A5E5D0900C0A7FE /* Chat */ = {
			isa = PBXGroup;
			children = (
				A86905402A5E5D1800C0A7FE /* View */,
			);
			path = Chat;
			sourceTree = "<group>";
		};
		A86905402A5E5D1800C0A7FE /* View */ = {
			isa = PBXGroup;
			children = (
				A86905432A5E5D4500C0A7FE /* ChatView.swift */,
			);
			path = View;
			sourceTree = "<group>";
		};
		A8C221C02A5FD79A00C9D9BA /* Profile */ = {
			isa = PBXGroup;
			children = (
				A8C221C22A5FD7AE00C9D9BA /* View */,
				A8C221C12A5FD7A800C9D9BA /* ViewModel */,
			);
			path = Profile;
			sourceTree = "<group>";
		};
		A8C221C12A5FD7A800C9D9BA /* ViewModel */ = {
			isa = PBXGroup;
			children = (
				A8C221C52A5FE90400C9D9BA /* PostFilterViewModel.swift */,
				A8F77D3E2A73E19800CF31DD /* ProfileFilterViewModel.swift */,
				A8F77D2D2A6F751F00CF31DD /* EditProfileViewModel.swift */,
			);
			path = ViewModel;
			sourceTree = "<group>";
		};
		A8C221C22A5FD7AE00C9D9BA /* View */ = {
			isa = PBXGroup;
			children = (
				A8C221C32A5FD7C000C9D9BA /* ProfileView.swift */,
				A8F77D172A691B9200CF31DD /* CurrentUserView.swift */,
				A8F77D2B2A6F6ABC00CF31DD /* EditProfileView.swift */,
			);
			path = View;
			sourceTree = "<group>";
		};
		A8C221C72A60155600C9D9BA /* ViewModel */ = {
			isa = PBXGroup;
			children = (
				A8F77D292A6F484C00CF31DD /* ExplporeViewModel.swift */,
			);
			path = ViewModel;
			sourceTree = "<group>";
		};
		A8C221CA2A60241E00C9D9BA /* SideMenu */ = {
			isa = PBXGroup;
			children = (
				A8C221CD2A60244700C9D9BA /* ViewModel */,
				A8C221CB2A60243A00C9D9BA /* View */,
			);
			path = SideMenu;
			sourceTree = "<group>";
		};
		A8C221CB2A60243A00C9D9BA /* View */ = {
			isa = PBXGroup;
			children = (
				A8C221CE2A60245600C9D9BA /* SideMenuView.swift */,
				A8C221D42A61391A00C9D9BA /* SideMenuItemRowView.swift */,
				A8C221D02A60249900C9D9BA /* SideMenuRowView.swift */,
			);
			path = View;
			sourceTree = "<group>";
		};
		A8C221CD2A60244700C9D9BA /* ViewModel */ = {
			isa = PBXGroup;
			children = (
				A8C221D22A6024BC00C9D9BA /* SideMenuViewModel.swift */,
			);
			path = ViewModel;
			sourceTree = "<group>";
		};
		A8ED23552A6404A600F15D2D /* UploadPost */ = {
			isa = PBXGroup;
			children = (
				A8ED23572A6404CD00F15D2D /* View */,
				A8ED23562A6404C600F15D2D /* ViewModel */,
			);
			path = UploadPost;
			sourceTree = "<group>";
		};
		A8ED23562A6404C600F15D2D /* ViewModel */ = {
			isa = PBXGroup;
			children = (
				A8F77D202A6B6D1100CF31DD /* UploadPostViewModel.swift */,
			);
			path = ViewModel;
			sourceTree = "<group>";
		};
		A8ED23572A6404CD00F15D2D /* View */ = {
			isa = PBXGroup;
			children = (
				A8ED23582A6404DC00F15D2D /* UploadPostView.swift */,
			);
			path = View;
			sourceTree = "<group>";
		};
		A8ED23632A6617E200F15D2D /* Helper */ = {
			isa = PBXGroup;
			children = (
				A8ED23642A66180100F15D2D /* AppDelegate.swift */,
				A8F77D102A67672A00CF31DD /* Application.swift */,
			);
			path = Helper;
			sourceTree = "<group>";
		};
		A8F77D192A6A7A4300CF31DD /* Root */ = {
			isa = PBXGroup;
			children = (
				A8F77D1B2A6A7D1500CF31DD /* ViewModel */,
				A8F77D1A2A6A7C8600CF31DD /* View */,
			);
			path = Root;
			sourceTree = "<group>";
		};
		A8F77D1A2A6A7C8600CF31DD /* View */ = {
			isa = PBXGroup;
			children = (
				A8F77D152A680F1300CF31DD /* ContentView.swift */,
			);
			path = View;
			sourceTree = "<group>";
		};
		A8F77D1B2A6A7D1500CF31DD /* ViewModel */ = {
			isa = PBXGroup;
			children = (
				A8F77D1C2A6A7D6B00CF31DD /* ContentViewModel.swift */,
			);
			path = ViewModel;
			sourceTree = "<group>";
		};
		A8F77D222A6E6D4500CF31DD /* Frameworks */ = {
			isa = PBXGroup;
			children = (
			);
			name = Frameworks;
			sourceTree = "<group>";
		};
/* End PBXGroup section */

/* Begin PBXNativeTarget section */
		A86905132A5E3CC500C0A7FE /* OverCoupleApp */ = {
			isa = PBXNativeTarget;
			buildConfigurationList = A86905232A5E3CC600C0A7FE /* Build configuration list for PBXNativeTarget "OverCoupleApp" */;
			buildPhases = (
				A86905102A5E3CC500C0A7FE /* Sources */,
				A86905112A5E3CC500C0A7FE /* Frameworks */,
				A86905122A5E3CC500C0A7FE /* Resources */,
			);
			buildRules = (
			);
			dependencies = (
			);
			name = OverCoupleApp;
			packageProductDependencies = (
				A8ED235F2A6616B100F15D2D /* FirebaseAnalytics */,
				A8ED23612A6616B100F15D2D /* FirebaseAuth */,
				A8ED23672A66192A00F15D2D /* GoogleSignIn */,
				A8ED23692A66192A00F15D2D /* GoogleSignInSwift */,
				A8F77D232A6E6D4500CF31DD /* FirebaseFirestore */,
				A8F77D252A6E6D4F00CF31DD /* FirebaseFirestoreSwift */,
				A8F77D272A6E6D5C00CF31DD /* FirebaseStorage */,
				A8F77D322A71069B00CF31DD /* Kingfisher */,
			);
			productName = OverCoupleApp;
			productReference = A86905142A5E3CC500C0A7FE /* OverCoupleApp.app */;
			productType = "com.apple.product-type.application";
		};
/* End PBXNativeTarget section */

/* Begin PBXProject section */
		A869050C2A5E3CC500C0A7FE /* Project object */ = {
			isa = PBXProject;
			attributes = {
				BuildIndependentTargetsInParallel = 1;
				LastSwiftUpdateCheck = 1430;
				LastUpgradeCheck = 1430;
				TargetAttributes = {
					A86905132A5E3CC500C0A7FE = {
						CreatedOnToolsVersion = 14.3.1;
					};
				};
			};
			buildConfigurationList = A869050F2A5E3CC500C0A7FE /* Build configuration list for PBXProject "OverCoupleApp" */;
			compatibilityVersion = "Xcode 14.0";
			developmentRegion = en;
			hasScannedForEncodings = 0;
			knownRegions = (
				en,
				Base,
			);
			mainGroup = A869050B2A5E3CC500C0A7FE;
			packageReferences = (
				A8ED235E2A6616B100F15D2D /* XCRemoteSwiftPackageReference "firebase-ios-sdk" */,
				A8ED23662A66192A00F15D2D /* XCRemoteSwiftPackageReference "GoogleSignIn-iOS" */,
				A8F77D312A71069B00CF31DD /* XCRemoteSwiftPackageReference "Kingfisher" */,
			);
			productRefGroup = A86905152A5E3CC500C0A7FE /* Products */;
			projectDirPath = "";
			projectRoot = "";
			targets = (
				A86905132A5E3CC500C0A7FE /* OverCoupleApp */,
			);
		};
/* End PBXProject section */

/* Begin PBXResourcesBuildPhase section */
		A86905122A5E3CC500C0A7FE /* Resources */ = {
			isa = PBXResourcesBuildPhase;
			buildActionMask = 2147483647;
			files = (
				A86905202A5E3CC600C0A7FE /* Preview Assets.xcassets in Resources */,
				A869051C2A5E3CC600C0A7FE /* Assets.xcassets in Resources */,
				A8ED235D2A66161000F15D2D /* GoogleService-Info.plist in Resources */,
			);
			runOnlyForDeploymentPostprocessing = 0;
		};
/* End PBXResourcesBuildPhase section */

/* Begin PBXSourcesBuildPhase section */
		A86905102A5E3CC500C0A7FE /* Sources */ = {
			isa = PBXSourcesBuildPhase;
			buildActionMask = 2147483647;
			files = (
				A8C221D52A61391B00C9D9BA /* SideMenuItemRowView.swift in Sources */,
				A8F77D1F2A6A841400CF31DD /* UserService.swift in Sources */,
				A8ED23592A6404DC00F15D2D /* UploadPostView.swift in Sources */,
				A8ED23652A66180100F15D2D /* AppDelegate.swift in Sources */,
				A86905312A5E45E500C0A7FE /* FeedView.swift in Sources */,
				A8F77D2E2A6F751F00CF31DD /* EditProfileViewModel.swift in Sources */,
				A86905182A5E3CC500C0A7FE /* OverCoupleAppApp.swift in Sources */,
				A8C221C42A5FD7C000C9D9BA /* ProfileView.swift in Sources */,
				A8DD1B3D2A77789B005C616C /* FeedInfoView.swift in Sources */,
				A8C221D12A60249900C9D9BA /* SideMenuRowView.swift in Sources */,
				A8C221CF2A60245600C9D9BA /* SideMenuView.swift in Sources */,
				A8F77D1D2A6A7D6B00CF31DD /* ContentViewModel.swift in Sources */,
				A8DD1B3F2A77CAEA005C616C /* ProfileFilterRowView.swift in Sources */,
				A8BCB9722A662814009C89D0 /* LoginViewModel.swift in Sources */,
				A86905352A5E46A800C0A7FE /* FeedRowView.swift in Sources */,
				A86905382A5E5A9D00C0A7FE /* MainTabView.swift in Sources */,
				A8F77D3B2A73750400CF31DD /* FeedViewModel.swift in Sources */,
				A8F77D112A67672A00CF31DD /* Application.swift in Sources */,
				A8F77D3D2A73D88600CF31DD /* PostService.swift in Sources */,
				A8F77D2C2A6F6ABC00CF31DD /* EditProfileView.swift in Sources */,
				A8C221C62A5FE90400C9D9BA /* PostFilterViewModel.swift in Sources */,
				A8F77D302A6FBDEA00CF31DD /* ImageUploader.swift in Sources */,
				A8F77D412A76383600CF31DD /* CoupleService.swift in Sources */,
				A8F77D182A691B9200CF31DD /* CurrentUserView.swift in Sources */,
				A86905462A5F870F00C0A7FE /* User.swift in Sources */,
				A86905442A5E5D4500C0A7FE /* ChatView.swift in Sources */,
				A8ED235B2A64D52D00F15D2D /* LoginView.swift in Sources */,
				A8F77D162A680F1300CF31DD /* ContentView.swift in Sources */,
				A86905482A5F886D00C0A7FE /* Post.swift in Sources */,
				A86905422A5E5D2B00C0A7FE /* ExploreView.swift in Sources */,
				A8C221C92A60157800C9D9BA /* UserRowView.swift in Sources */,
				A8F77D2A2A6F484C00CF31DD /* ExplporeViewModel.swift in Sources */,
				A8F77D352A7107F100CF31DD /* CircularProfileImageView.swift in Sources */,
				A8C221D32A6024BC00C9D9BA /* SideMenuViewModel.swift in Sources */,
				A869053C2A5E5C9000C0A7FE /* NotificationView.swift in Sources */,
				A8F77D3F2A73E19800CF31DD /* ProfileFilterViewModel.swift in Sources */,
				A8F77D212A6B6D1100CF31DD /* UploadPostViewModel.swift in Sources */,
			);
			runOnlyForDeploymentPostprocessing = 0;
		};
/* End PBXSourcesBuildPhase section */

/* Begin XCBuildConfiguration section */
		A86905212A5E3CC600C0A7FE /* Debug */ = {
			isa = XCBuildConfiguration;
			buildSettings = {
				ALWAYS_SEARCH_USER_PATHS = NO;
				CLANG_ANALYZER_NONNULL = YES;
				CLANG_ANALYZER_NUMBER_OBJECT_CONVERSION = YES_AGGRESSIVE;
				CLANG_CXX_LANGUAGE_STANDARD = "gnu++20";
				CLANG_ENABLE_MODULES = YES;
				CLANG_ENABLE_OBJC_ARC = YES;
				CLANG_ENABLE_OBJC_WEAK = YES;
				CLANG_WARN_BLOCK_CAPTURE_AUTORELEASING = YES;
				CLANG_WARN_BOOL_CONVERSION = YES;
				CLANG_WARN_COMMA = YES;
				CLANG_WARN_CONSTANT_CONVERSION = YES;
				CLANG_WARN_DEPRECATED_OBJC_IMPLEMENTATIONS = YES;
				CLANG_WARN_DIRECT_OBJC_ISA_USAGE = YES_ERROR;
				CLANG_WARN_DOCUMENTATION_COMMENTS = YES;
				CLANG_WARN_EMPTY_BODY = YES;
				CLANG_WARN_ENUM_CONVERSION = YES;
				CLANG_WARN_INFINITE_RECURSION = YES;
				CLANG_WARN_INT_CONVERSION = YES;
				CLANG_WARN_NON_LITERAL_NULL_CONVERSION = YES;
				CLANG_WARN_OBJC_IMPLICIT_RETAIN_SELF = YES;
				CLANG_WARN_OBJC_LITERAL_CONVERSION = YES;
				CLANG_WARN_OBJC_ROOT_CLASS = YES_ERROR;
				CLANG_WARN_QUOTED_INCLUDE_IN_FRAMEWORK_HEADER = YES;
				CLANG_WARN_RANGE_LOOP_ANALYSIS = YES;
				CLANG_WARN_STRICT_PROTOTYPES = YES;
				CLANG_WARN_SUSPICIOUS_MOVE = YES;
				CLANG_WARN_UNGUARDED_AVAILABILITY = YES_AGGRESSIVE;
				CLANG_WARN_UNREACHABLE_CODE = YES;
				CLANG_WARN__DUPLICATE_METHOD_MATCH = YES;
				COPY_PHASE_STRIP = NO;
				DEBUG_INFORMATION_FORMAT = dwarf;
				ENABLE_STRICT_OBJC_MSGSEND = YES;
				ENABLE_TESTABILITY = YES;
				GCC_C_LANGUAGE_STANDARD = gnu11;
				GCC_DYNAMIC_NO_PIC = NO;
				GCC_NO_COMMON_BLOCKS = YES;
				GCC_OPTIMIZATION_LEVEL = 0;
				GCC_PREPROCESSOR_DEFINITIONS = (
					"DEBUG=1",
					"$(inherited)",
				);
				GCC_WARN_64_TO_32_BIT_CONVERSION = YES;
				GCC_WARN_ABOUT_RETURN_TYPE = YES_ERROR;
				GCC_WARN_UNDECLARED_SELECTOR = YES;
				GCC_WARN_UNINITIALIZED_AUTOS = YES_AGGRESSIVE;
				GCC_WARN_UNUSED_FUNCTION = YES;
				GCC_WARN_UNUSED_VARIABLE = YES;
				IPHONEOS_DEPLOYMENT_TARGET = 16.0;
				MACOSX_DEPLOYMENT_TARGET = 12.0;
				MTL_ENABLE_DEBUG_INFO = INCLUDE_SOURCE;
				MTL_FAST_MATH = YES;
				ONLY_ACTIVE_ARCH = YES;
				SWIFT_ACTIVE_COMPILATION_CONDITIONS = DEBUG;
				SWIFT_OPTIMIZATION_LEVEL = "-Onone";
			};
			name = Debug;
		};
		A86905222A5E3CC600C0A7FE /* Release */ = {
			isa = XCBuildConfiguration;
			buildSettings = {
				ALWAYS_SEARCH_USER_PATHS = NO;
				CLANG_ANALYZER_NONNULL = YES;
				CLANG_ANALYZER_NUMBER_OBJECT_CONVERSION = YES_AGGRESSIVE;
				CLANG_CXX_LANGUAGE_STANDARD = "gnu++20";
				CLANG_ENABLE_MODULES = YES;
				CLANG_ENABLE_OBJC_ARC = YES;
				CLANG_ENABLE_OBJC_WEAK = YES;
				CLANG_WARN_BLOCK_CAPTURE_AUTORELEASING = YES;
				CLANG_WARN_BOOL_CONVERSION = YES;
				CLANG_WARN_COMMA = YES;
				CLANG_WARN_CONSTANT_CONVERSION = YES;
				CLANG_WARN_DEPRECATED_OBJC_IMPLEMENTATIONS = YES;
				CLANG_WARN_DIRECT_OBJC_ISA_USAGE = YES_ERROR;
				CLANG_WARN_DOCUMENTATION_COMMENTS = YES;
				CLANG_WARN_EMPTY_BODY = YES;
				CLANG_WARN_ENUM_CONVERSION = YES;
				CLANG_WARN_INFINITE_RECURSION = YES;
				CLANG_WARN_INT_CONVERSION = YES;
				CLANG_WARN_NON_LITERAL_NULL_CONVERSION = YES;
				CLANG_WARN_OBJC_IMPLICIT_RETAIN_SELF = YES;
				CLANG_WARN_OBJC_LITERAL_CONVERSION = YES;
				CLANG_WARN_OBJC_ROOT_CLASS = YES_ERROR;
				CLANG_WARN_QUOTED_INCLUDE_IN_FRAMEWORK_HEADER = YES;
				CLANG_WARN_RANGE_LOOP_ANALYSIS = YES;
				CLANG_WARN_STRICT_PROTOTYPES = YES;
				CLANG_WARN_SUSPICIOUS_MOVE = YES;
				CLANG_WARN_UNGUARDED_AVAILABILITY = YES_AGGRESSIVE;
				CLANG_WARN_UNREACHABLE_CODE = YES;
				CLANG_WARN__DUPLICATE_METHOD_MATCH = YES;
				COPY_PHASE_STRIP = NO;
				DEBUG_INFORMATION_FORMAT = "dwarf-with-dsym";
				ENABLE_NS_ASSERTIONS = NO;
				ENABLE_STRICT_OBJC_MSGSEND = YES;
				GCC_C_LANGUAGE_STANDARD = gnu11;
				GCC_NO_COMMON_BLOCKS = YES;
				GCC_WARN_64_TO_32_BIT_CONVERSION = YES;
				GCC_WARN_ABOUT_RETURN_TYPE = YES_ERROR;
				GCC_WARN_UNDECLARED_SELECTOR = YES;
				GCC_WARN_UNINITIALIZED_AUTOS = YES_AGGRESSIVE;
				GCC_WARN_UNUSED_FUNCTION = YES;
				GCC_WARN_UNUSED_VARIABLE = YES;
				IPHONEOS_DEPLOYMENT_TARGET = 16.0;
				MACOSX_DEPLOYMENT_TARGET = 12.0;
				MTL_ENABLE_DEBUG_INFO = NO;
				MTL_FAST_MATH = YES;
				SWIFT_COMPILATION_MODE = wholemodule;
				SWIFT_OPTIMIZATION_LEVEL = "-O";
			};
			name = Release;
		};
		A86905242A5E3CC600C0A7FE /* Debug */ = {
			isa = XCBuildConfiguration;
			buildSettings = {
				ASSETCATALOG_COMPILER_APPICON_NAME = AppIcon;
				ASSETCATALOG_COMPILER_GLOBAL_ACCENT_COLOR_NAME = AccentColor;
				CODE_SIGN_ENTITLEMENTS = OverCoupleApp/OverCoupleApp.entitlements;
				CODE_SIGN_STYLE = Automatic;
				CURRENT_PROJECT_VERSION = 1;
				DEVELOPMENT_ASSET_PATHS = "\"OverCoupleApp/Preview Content\"";
				DEVELOPMENT_TEAM = WQD7F9D6LV;
				ENABLE_HARDENED_RUNTIME = YES;
				ENABLE_PREVIEWS = YES;
				GENERATE_INFOPLIST_FILE = YES;
				INFOPLIST_FILE = OverCoupleApp/Info.plist;
				"INFOPLIST_KEY_UIApplicationSceneManifest_Generation[sdk=iphoneos*]" = YES;
				"INFOPLIST_KEY_UIApplicationSceneManifest_Generation[sdk=iphonesimulator*]" = YES;
				"INFOPLIST_KEY_UIApplicationSupportsIndirectInputEvents[sdk=iphoneos*]" = YES;
				"INFOPLIST_KEY_UIApplicationSupportsIndirectInputEvents[sdk=iphonesimulator*]" = YES;
				"INFOPLIST_KEY_UILaunchScreen_Generation[sdk=iphoneos*]" = YES;
				"INFOPLIST_KEY_UILaunchScreen_Generation[sdk=iphonesimulator*]" = YES;
				"INFOPLIST_KEY_UIStatusBarStyle[sdk=iphoneos*]" = UIStatusBarStyleDefault;
				"INFOPLIST_KEY_UIStatusBarStyle[sdk=iphonesimulator*]" = UIStatusBarStyleDefault;
				INFOPLIST_KEY_UISupportedInterfaceOrientations_iPad = "UIInterfaceOrientationPortrait UIInterfaceOrientationPortraitUpsideDown UIInterfaceOrientationLandscapeLeft UIInterfaceOrientationLandscapeRight";
				INFOPLIST_KEY_UISupportedInterfaceOrientations_iPhone = "UIInterfaceOrientationPortrait UIInterfaceOrientationLandscapeLeft UIInterfaceOrientationLandscapeRight";
				IPHONEOS_DEPLOYMENT_TARGET = 16.4;
				LD_RUNPATH_SEARCH_PATHS = "@executable_path/Frameworks";
				"LD_RUNPATH_SEARCH_PATHS[sdk=macosx*]" = "@executable_path/../Frameworks";
				MACOSX_DEPLOYMENT_TARGET = 13.3;
				MARKETING_VERSION = 1.0;
				PRODUCT_BUNDLE_IDENTIFIER = com.overman.OverCoupleApp;
				PRODUCT_NAME = "$(TARGET_NAME)";
				SDKROOT = iphoneos;
				SUPPORTED_PLATFORMS = "iphoneos iphonesimulator macosx";
				SWIFT_EMIT_LOC_STRINGS = YES;
				SWIFT_VERSION = 5.0;
				TARGETED_DEVICE_FAMILY = "1,2";
			};
			name = Debug;
		};
		A86905252A5E3CC600C0A7FE /* Release */ = {
			isa = XCBuildConfiguration;
			buildSettings = {
				ASSETCATALOG_COMPILER_APPICON_NAME = AppIcon;
				ASSETCATALOG_COMPILER_GLOBAL_ACCENT_COLOR_NAME = AccentColor;
				CODE_SIGN_ENTITLEMENTS = OverCoupleApp/OverCoupleApp.entitlements;
				CODE_SIGN_STYLE = Automatic;
				CURRENT_PROJECT_VERSION = 1;
				DEVELOPMENT_ASSET_PATHS = "\"OverCoupleApp/Preview Content\"";
				DEVELOPMENT_TEAM = WQD7F9D6LV;
				ENABLE_HARDENED_RUNTIME = YES;
				ENABLE_PREVIEWS = YES;
				GENERATE_INFOPLIST_FILE = YES;
				INFOPLIST_FILE = OverCoupleApp/Info.plist;
				"INFOPLIST_KEY_UIApplicationSceneManifest_Generation[sdk=iphoneos*]" = YES;
				"INFOPLIST_KEY_UIApplicationSceneManifest_Generation[sdk=iphonesimulator*]" = YES;
				"INFOPLIST_KEY_UIApplicationSupportsIndirectInputEvents[sdk=iphoneos*]" = YES;
				"INFOPLIST_KEY_UIApplicationSupportsIndirectInputEvents[sdk=iphonesimulator*]" = YES;
				"INFOPLIST_KEY_UILaunchScreen_Generation[sdk=iphoneos*]" = YES;
				"INFOPLIST_KEY_UILaunchScreen_Generation[sdk=iphonesimulator*]" = YES;
				"INFOPLIST_KEY_UIStatusBarStyle[sdk=iphoneos*]" = UIStatusBarStyleDefault;
				"INFOPLIST_KEY_UIStatusBarStyle[sdk=iphonesimulator*]" = UIStatusBarStyleDefault;
				INFOPLIST_KEY_UISupportedInterfaceOrientations_iPad = "UIInterfaceOrientationPortrait UIInterfaceOrientationPortraitUpsideDown UIInterfaceOrientationLandscapeLeft UIInterfaceOrientationLandscapeRight";
				INFOPLIST_KEY_UISupportedInterfaceOrientations_iPhone = "UIInterfaceOrientationPortrait UIInterfaceOrientationLandscapeLeft UIInterfaceOrientationLandscapeRight";
				IPHONEOS_DEPLOYMENT_TARGET = 16.4;
				LD_RUNPATH_SEARCH_PATHS = "@executable_path/Frameworks";
				"LD_RUNPATH_SEARCH_PATHS[sdk=macosx*]" = "@executable_path/../Frameworks";
				MACOSX_DEPLOYMENT_TARGET = 13.3;
				MARKETING_VERSION = 1.0;
				PRODUCT_BUNDLE_IDENTIFIER = com.overman.OverCoupleApp;
				PRODUCT_NAME = "$(TARGET_NAME)";
				SDKROOT = iphoneos;
				SUPPORTED_PLATFORMS = "iphoneos iphonesimulator macosx";
				SWIFT_EMIT_LOC_STRINGS = YES;
				SWIFT_VERSION = 5.0;
				TARGETED_DEVICE_FAMILY = "1,2";
			};
			name = Release;
		};
/* End XCBuildConfiguration section */

/* Begin XCConfigurationList section */
		A869050F2A5E3CC500C0A7FE /* Build configuration list for PBXProject "OverCoupleApp" */ = {
			isa = XCConfigurationList;
			buildConfigurations = (
				A86905212A5E3CC600C0A7FE /* Debug */,
				A86905222A5E3CC600C0A7FE /* Release */,
			);
			defaultConfigurationIsVisible = 0;
			defaultConfigurationName = Release;
		};
		A86905232A5E3CC600C0A7FE /* Build configuration list for PBXNativeTarget "OverCoupleApp" */ = {
			isa = XCConfigurationList;
			buildConfigurations = (
				A86905242A5E3CC600C0A7FE /* Debug */,
				A86905252A5E3CC600C0A7FE /* Release */,
			);
			defaultConfigurationIsVisible = 0;
			defaultConfigurationName = Release;
		};
/* End XCConfigurationList section */

/* Begin XCRemoteSwiftPackageReference section */
		A8ED235E2A6616B100F15D2D /* XCRemoteSwiftPackageReference "firebase-ios-sdk" */ = {
			isa = XCRemoteSwiftPackageReference;
			repositoryURL = "https://github.com/firebase/firebase-ios-sdk";
			requirement = {
				kind = upToNextMajorVersion;
				minimumVersion = 10.0.0;
			};
		};
		A8ED23662A66192A00F15D2D /* XCRemoteSwiftPackageReference "GoogleSignIn-iOS" */ = {
			isa = XCRemoteSwiftPackageReference;
			repositoryURL = "https://github.com/google/GoogleSignIn-iOS.git";
			requirement = {
				kind = upToNextMajorVersion;
				minimumVersion = 7.0.0;
			};
		};
		A8F77D312A71069B00CF31DD /* XCRemoteSwiftPackageReference "Kingfisher" */ = {
			isa = XCRemoteSwiftPackageReference;
			repositoryURL = "https://github.com/onevcat/Kingfisher.git";
			requirement = {
				kind = upToNextMajorVersion;
				minimumVersion = 7.0.0;
			};
		};
/* End XCRemoteSwiftPackageReference section */

/* Begin XCSwiftPackageProductDependency section */
		A8ED235F2A6616B100F15D2D /* FirebaseAnalytics */ = {
			isa = XCSwiftPackageProductDependency;
			package = A8ED235E2A6616B100F15D2D /* XCRemoteSwiftPackageReference "firebase-ios-sdk" */;
			productName = FirebaseAnalytics;
		};
		A8ED23612A6616B100F15D2D /* FirebaseAuth */ = {
			isa = XCSwiftPackageProductDependency;
			package = A8ED235E2A6616B100F15D2D /* XCRemoteSwiftPackageReference "firebase-ios-sdk" */;
			productName = FirebaseAuth;
		};
		A8ED23672A66192A00F15D2D /* GoogleSignIn */ = {
			isa = XCSwiftPackageProductDependency;
			package = A8ED23662A66192A00F15D2D /* XCRemoteSwiftPackageReference "GoogleSignIn-iOS" */;
			productName = GoogleSignIn;
		};
		A8ED23692A66192A00F15D2D /* GoogleSignInSwift */ = {
			isa = XCSwiftPackageProductDependency;
			package = A8ED23662A66192A00F15D2D /* XCRemoteSwiftPackageReference "GoogleSignIn-iOS" */;
			productName = GoogleSignInSwift;
		};
		A8F77D232A6E6D4500CF31DD /* FirebaseFirestore */ = {
			isa = XCSwiftPackageProductDependency;
			package = A8ED235E2A6616B100F15D2D /* XCRemoteSwiftPackageReference "firebase-ios-sdk" */;
			productName = FirebaseFirestore;
		};
		A8F77D252A6E6D4F00CF31DD /* FirebaseFirestoreSwift */ = {
			isa = XCSwiftPackageProductDependency;
			package = A8ED235E2A6616B100F15D2D /* XCRemoteSwiftPackageReference "firebase-ios-sdk" */;
			productName = FirebaseFirestoreSwift;
		};
		A8F77D272A6E6D5C00CF31DD /* FirebaseStorage */ = {
			isa = XCSwiftPackageProductDependency;
			package = A8ED235E2A6616B100F15D2D /* XCRemoteSwiftPackageReference "firebase-ios-sdk" */;
			productName = FirebaseStorage;
		};
		A8F77D322A71069B00CF31DD /* Kingfisher */ = {
			isa = XCSwiftPackageProductDependency;
			package = A8F77D312A71069B00CF31DD /* XCRemoteSwiftPackageReference "Kingfisher" */;
			productName = Kingfisher;
		};
/* End XCSwiftPackageProductDependency section */
	};
	rootObject = A869050C2A5E3CC500C0A7FE /* Project object */;
}
